// !$*UTF8*$!
{
	archiveVersion = 1;
	classes = {
	};
	objectVersion = 46;
	objects = {

/* Begin PBXBuildFile section */
		77B803C61A8FF012007FDC47 /* AppDelegate.swift in Sources */ = {isa = PBXBuildFile; fileRef = 77B803C51A8FF012007FDC47 /* AppDelegate.swift */; };
		77B803CB1A8FF012007FDC47 /* Main.storyboard in Resources */ = {isa = PBXBuildFile; fileRef = 77B803C91A8FF012007FDC47 /* Main.storyboard */; };
		77B803CD1A8FF012007FDC47 /* Images.xcassets in Resources */ = {isa = PBXBuildFile; fileRef = 77B803CC1A8FF012007FDC47 /* Images.xcassets */; };
		77B803D01A8FF012007FDC47 /* LaunchScreen.xib in Resources */ = {isa = PBXBuildFile; fileRef = 77B803CE1A8FF012007FDC47 /* LaunchScreen.xib */; };
		77B803DC1A8FF012007FDC47 /* HappinessTests.swift in Sources */ = {isa = PBXBuildFile; fileRef = 77B803DB1A8FF012007FDC47 /* HappinessTests.swift */; };
		77B803E61A8FF095007FDC47 /* HappinessViewController.swift in Sources */ = {isa = PBXBuildFile; fileRef = 77B803E51A8FF095007FDC47 /* HappinessViewController.swift */; };
		77B803E81A8FF18A007FDC47 /* FaceView.swift in Sources */ = {isa = PBXBuildFile; fileRef = 77B803E71A8FF18A007FDC47 /* FaceView.swift */; };
/* End PBXBuildFile section */

/* Begin PBXContainerItemProxy section */
		77B803D61A8FF012007FDC47 /* PBXContainerItemProxy */ = {
			isa = PBXContainerItemProxy;
			containerPortal = 77B803B81A8FF012007FDC47 /* Project object */;
			proxyType = 1;
			remoteGlobalIDString = 77B803BF1A8FF012007FDC47;
			remoteInfo = Happiness;
		};
/* End PBXContainerItemProxy section */

/* Begin PBXFileReference section */
		77B803C01A8FF012007FDC47 /* Happiness.app */ = {isa = PBXFileReference; explicitFileType = wrapper.application; includeInIndex = 0; path = Happiness.app; sourceTree = BUILT_PRODUCTS_DIR; };
		77B803C41A8FF012007FDC47 /* Info.plist */ = {isa = PBXFileReference; lastKnownFileType = text.plist.xml; path = Info.plist; sourceTree = "<group>"; };
		77B803C51A8FF012007FDC47 /* AppDelegate.swift */ = {isa = PBXFileReference; lastKnownFileType = sourcecode.swift; path = AppDelegate.swift; sourceTree = "<group>"; };
		77B803CA1A8FF012007FDC47 /* Base */ = {isa = PBXFileReference; lastKnownFileType = file.storyboard; name = Base; path = Base.lproj/Main.storyboard; sourceTree = "<group>"; };
		77B803CC1A8FF012007FDC47 /* Images.xcassets */ = {isa = PBXFileReference; lastKnownFileType = folder.assetcatalog; path = Images.xcassets; sourceTree = "<group>"; };
		77B803CF1A8FF012007FDC47 /* Base */ = {isa = PBXFileReference; lastKnownFileType = file.xib; name = Base; path = Base.lproj/LaunchScreen.xib; sourceTree = "<group>"; };
		77B803D51A8FF012007FDC47 /* HappinessTests.xctest */ = {isa = PBXFileReference; explicitFileType = wrapper.cfbundle; includeInIndex = 0; path = HappinessTests.xctest; sourceTree = BUILT_PRODUCTS_DIR; };
		77B803DA1A8FF012007FDC47 /* Info.plist */ = {isa = PBXFileReference; lastKnownFileType = text.plist.xml; path = Info.plist; sourceTree = "<group>"; };
		77B803DB1A8FF012007FDC47 /* HappinessTests.swift */ = {isa = PBXFileReference; lastKnownFileType = sourcecode.swift; path = HappinessTests.swift; sourceTree = "<group>"; };
		77B803E51A8FF095007FDC47 /* HappinessViewController.swift */ = {isa = PBXFileReference; fileEncoding = 4; lastKnownFileType = sourcecode.swift; path = HappinessViewController.swift; sourceTree = "<group>"; };
		77B803E71A8FF18A007FDC47 /* FaceView.swift */ = {isa = PBXFileReference; fileEncoding = 4; lastKnownFileType = sourcecode.swift; path = FaceView.swift; sourceTree = "<group>"; };
/* End PBXFileReference section */

/* Begin PBXFrameworksBuildPhase section */
		77B803BD1A8FF012007FDC47 /* Frameworks */ = {
			isa = PBXFrameworksBuildPhase;
			buildActionMask = 2147483647;
			files = (
			);
			runOnlyForDeploymentPostprocessing = 0;
		};
		77B803D21A8FF012007FDC47 /* Frameworks */ = {
			isa = PBXFrameworksBuildPhase;
			buildActionMask = 2147483647;
			files = (
			);
			runOnlyForDeploymentPostprocessing = 0;
		};
/* End PBXFrameworksBuildPhase section */

/* Begin PBXGroup section */
		77B803B71A8FF012007FDC47 = {
			isa = PBXGroup;
			children = (
				77B803C21A8FF012007FDC47 /* Happiness */,
				77B803D81A8FF012007FDC47 /* HappinessTests */,
				77B803C11A8FF012007FDC47 /* Products */,
			);
			sourceTree = "<group>";
		};
		77B803C11A8FF012007FDC47 /* Products */ = {
			isa = PBXGroup;
			children = (
				77B803C01A8FF012007FDC47 /* Happiness.app */,
				77B803D51A8FF012007FDC47 /* HappinessTests.xctest */,
			);
			name = Products;
			sourceTree = "<group>";
		};
		77B803C21A8FF012007FDC47 /* Happiness */ = {
			isa = PBXGroup;
			children = (
				77B803E51A8FF095007FDC47 /* HappinessViewController.swift */,
				77B803C91A8FF012007FDC47 /* Main.storyboard */,
				77B803E71A8FF18A007FDC47 /* FaceView.swift */,
				77B803C31A8FF012007FDC47 /* Supporting Files */,
			);
			path = Happiness;
			sourceTree = "<group>";
		};
		77B803C31A8FF012007FDC47 /* Supporting Files */ = {
			isa = PBXGroup;
			children = (
				77B803CE1A8FF012007FDC47 /* LaunchScreen.xib */,
				77B803CC1A8FF012007FDC47 /* Images.xcassets */,
				77B803C51A8FF012007FDC47 /* AppDelegate.swift */,
				77B803C41A8FF012007FDC47 /* Info.plist */,
			);
			name = "Supporting Files";
			sourceTree = "<group>";
		};
		77B803D81A8FF012007FDC47 /* HappinessTests */ = {
			isa = PBXGroup;
			children = (
				77B803DB1A8FF012007FDC47 /* HappinessTests.swift */,
				77B803D91A8FF012007FDC47 /* Supporting Files */,
			);
			path = HappinessTests;
			sourceTree = "<group>";
		};
		77B803D91A8FF012007FDC47 /* Supporting Files */ = {
			isa = PBXGroup;
			children = (
				77B803DA1A8FF012007FDC47 /* Info.plist */,
			);
			name = "Supporting Files";
			sourceTree = "<group>";
		};
/* End PBXGroup section */

/* Begin PBXNativeTarget section */
		77B803BF1A8FF012007FDC47 /* Happiness */ = {
			isa = PBXNativeTarget;
			buildConfigurationList = 77B803DF1A8FF012007FDC47 /* Build configuration list for PBXNativeTarget "Happiness" */;
			buildPhases = (
				77B803BC1A8FF012007FDC47 /* Sources */,
				77B803BD1A8FF012007FDC47 /* Frameworks */,
				77B803BE1A8FF012007FDC47 /* Resources */,
			);
			buildRules = (
			);
			dependencies = (
			);
			name = Happiness;
			productName = Happiness;
			productReference = 77B803C01A8FF012007FDC47 /* Happiness.app */;
			productType = "com.apple.product-type.application";
		};
		77B803D41A8FF012007FDC47 /* HappinessTests */ = {
			isa = PBXNativeTarget;
			buildConfigurationList = 77B803E21A8FF012007FDC47 /* Build configuration list for PBXNativeTarget "HappinessTests" */;
			buildPhases = (
				77B803D11A8FF012007FDC47 /* Sources */,
				77B803D21A8FF012007FDC47 /* Frameworks */,
				77B803D31A8FF012007FDC47 /* Resources */,
			);
			buildRules = (
			);
			dependencies = (
				77B803D71A8FF012007FDC47 /* PBXTargetDependency */,
			);
			name = HappinessTests;
			productName = HappinessTests;
			productReference = 77B803D51A8FF012007FDC47 /* HappinessTests.xctest */;
			productType = "com.apple.product-type.bundle.unit-test";
		};
/* End PBXNativeTarget section */

/* Begin PBXProject section */
		77B803B81A8FF012007FDC47 /* Project object */ = {
			isa = PBXProject;
			attributes = {
				LastUpgradeCheck = 0610;
				ORGANIZATIONNAME = drxcheng;
				TargetAttributes = {
					77B803BF1A8FF012007FDC47 = {
						CreatedOnToolsVersion = 6.1.1;
					};
					77B803D41A8FF012007FDC47 = {
						CreatedOnToolsVersion = 6.1.1;
						TestTargetID = 77B803BF1A8FF012007FDC47;
					};
				};
			};
			buildConfigurationList = 77B803BB1A8FF012007FDC47 /* Build configuration list for PBXProject "Happiness" */;
			compatibilityVersion = "Xcode 3.2";
			developmentRegion = English;
			hasScannedForEncodings = 0;
			knownRegions = (
				en,
				Base,
			);
			mainGroup = 77B803B71A8FF012007FDC47;
			productRefGroup = 77B803C11A8FF012007FDC47 /* Products */;
			projectDirPath = "";
			projectRoot = "";
			targets = (
				77B803BF1A8FF012007FDC47 /* Happiness */,
				77B803D41A8FF012007FDC47 /* HappinessTests */,
			);
		};
/* End PBXProject section */

/* Begin PBXResourcesBuildPhase section */
		77B803BE1A8FF012007FDC47 /* Resources */ = {
			isa = PBXResourcesBuildPhase;
			buildActionMask = 2147483647;
			files = (
				77B803CB1A8FF012007FDC47 /* Main.storyboard in Resources */,
				77B803D01A8FF012007FDC47 /* LaunchScreen.xib in Resources */,
				77B803CD1A8FF012007FDC47 /* Images.xcassets in Resources */,
			);
			runOnlyForDeploymentPostprocessing = 0;
		};
		77B803D31A8FF012007FDC47 /* Resources */ = {
			isa = PBXResourcesBuildPhase;
			buildActionMask = 2147483647;
			files = (
			);
			runOnlyForDeploymentPostprocessing = 0;
		};
/* End PBXResourcesBuildPhase section */

/* Begin PBXSourcesBuildPhase section */
		77B803BC1A8FF012007FDC47 /* Sources */ = {
			isa = PBXSourcesBuildPhase;
			buildActionMask = 2147483647;
			files = (
				77B803E61A8FF095007FDC47 /* HappinessViewController.swift in Sources */,
				77B803C61A8FF012007FDC47 /* AppDelegate.swift in Sources */,
				77B803E81A8FF18A007FDC47 /* FaceView.swift in Sources */,
			);
			runOnlyForDeploymentPostprocessing = 0;
		};
		77B803D11A8FF012007FDC47 /* Sources */ = {
			isa = PBXSourcesBuildPhase;
			buildActionMask = 2147483647;
			files = (
				77B803DC1A8FF012007FDC47 /* HappinessTests.swift in Sources */,
			);
			runOnlyForDeploymentPostprocessing = 0;
		};
/* End PBXSourcesBuildPhase section */

/* Begin PBXTargetDependency section */
		77B803D71A8FF012007FDC47 /* PBXTargetDependency */ = {
			isa = PBXTargetDependency;
			target = 77B803BF1A8FF012007FDC47 /* Happiness */;
			targetProxy = 77B803D61A8FF012007FDC47 /* PBXContainerItemProxy */;
		};
/* End PBXTargetDependency section */

/* Begin PBXVariantGroup section */
		77B803C91A8FF012007FDC47 /* Main.storyboard */ = {
			isa = PBXVariantGroup;
			children = (
				77B803CA1A8FF012007FDC47 /* Base */,
			);
			name = Main.storyboard;
			sourceTree = "<group>";
		};
		77B803CE1A8FF012007FDC47 /* LaunchScreen.xib */ = {
			isa = PBXVariantGroup;
			children = (
				77B803CF1A8FF012007FDC47 /* Base */,
			);
			name = LaunchScreen.xib;
			sourceTree = "<group>";
		};
/* End PBXVariantGroup section */

/* Begin XCBuildConfiguration section */
		77B803DD1A8FF012007FDC47 /* Debug */ = {
			isa = XCBuildConfiguration;
			buildSettings = {
				ALWAYS_SEARCH_USER_PATHS = NO;
				CLANG_CXX_LANGUAGE_STANDARD = "gnu++0x";
				CLANG_CXX_LIBRARY = "libc++";
				CLANG_ENABLE_MODULES = YES;
				CLANG_ENABLE_OBJC_ARC = YES;
				CLANG_WARN_BOOL_CONVERSION = YES;
				CLANG_WARN_CONSTANT_CONVERSION = YES;
				CLANG_WARN_DIRECT_OBJC_ISA_USAGE = YES_ERROR;
				CLANG_WARN_EMPTY_BODY = YES;
				CLANG_WARN_ENUM_CONVERSION = YES;
				CLANG_WARN_INT_CONVERSION = YES;
				CLANG_WARN_OBJC_ROOT_CLASS = YES_ERROR;
				CLANG_WARN_UNREACHABLE_CODE = YES;
				CLANG_WARN__DUPLICATE_METHOD_MATCH = YES;
				"CODE_SIGN_IDENTITY[sdk=iphoneos*]" = "iPhone Developer";
				COPY_PHASE_STRIP = NO;
				ENABLE_STRICT_OBJC_MSGSEND = YES;
				GCC_C_LANGUAGE_STANDARD = gnu99;
				GCC_DYNAMIC_NO_PIC = NO;
				GCC_OPTIMIZATION_LEVEL = 0;
				GCC_PREPROCESSOR_DEFINITIONS = (
					"DEBUG=1",
					"$(inherited)",
				);
				GCC_SYMBOLS_PRIVATE_EXTERN = NO;
				GCC_WARN_64_TO_32_BIT_CONVERSION = YES;
				GCC_WARN_ABOUT_RETURN_TYPE = YES_ERROR;
				GCC_WARN_UNDECLARED_SELECTOR = YES;
				GCC_WARN_UNINITIALIZED_AUTOS = YES_AGGRESSIVE;
				GCC_WARN_UNUSED_FUNCTION = YES;
				GCC_WARN_UNUSED_VARIABLE = YES;
				IPHONEOS_DEPLOYMENT_TARGET = 8.1;
				MTL_ENABLE_DEBUG_INFO = YES;
				ONLY_ACTIVE_ARCH = YES;
				SDKROOT = iphoneos;
				SWIFT_OPTIMIZATION_LEVEL = "-Onone";
				TARGETED_DEVICE_FAMILY = "1,2";
			};
			name = Debug;
		};
		77B803DE1A8FF012007FDC47 /* Release */ = {
			isa = XCBuildConfiguration;
			buildSettings = {
				ALWAYS_SEARCH_USER_PATHS = NO;
				CLANG_CXX_LANGUAGE_STANDARD = "gnu++0x";
				CLANG_CXX_LIBRARY = "libc++";
				CLANG_ENABLE_MODULES = YES;
				CLANG_ENABLE_OBJC_ARC = YES;
				CLANG_WARN_BOOL_CONVERSION = YES;
				CLANG_WARN_CONSTANT_CONVERSION = YES;
				CLANG_WARN_DIRECT_OBJC_ISA_USAGE = YES_ERROR;
				CLANG_WARN_EMPTY_BODY = YES;
				CLANG_WARN_ENUM_CONVERSION = YES;
				CLANG_WARN_INT_CONVERSION = YES;
				CLANG_WARN_OBJC_ROOT_CLASS = YES_ERROR;
				CLANG_WARN_UNREACHABLE_CODE = YES;
				CLANG_WARN__DUPLICATE_METHOD_MATCH = YES;
				"CODE_SIGN_IDENTITY[sdk=iphoneos*]" = "iPhone Developer";
				COPY_PHASE_STRIP = YES;
				ENABLE_NS_ASSERTIONS = NO;
				ENABLE_STRICT_OBJC_MSGSEND = YES;
				GCC_C_LANGUAGE_STANDARD = gnu99;
				GCC_WARN_64_TO_32_BIT_CONVERSION = YES;
				GCC_WARN_ABOUT_RETURN_TYPE = YES_ERROR;
				GCC_WARN_UNDECLARED_SELECTOR = YES;
				GCC_WARN_UNINITIALIZED_AUTOS = YES_AGGRESSIVE;
				GCC_WARN_UNUSED_FUNCTION = YES;
				GCC_WARN_UNUSED_VARIABLE = YES;
				IPHONEOS_DEPLOYMENT_TARGET = 8.1;
				MTL_ENABLE_DEBUG_INFO = NO;
				SDKROOT = iphoneos;
				TARGETED_DEVICE_FAMILY = "1,2";
				VALIDATE_PRODUCT = YES;
			};
			name = Release;
		};
		77B803E01A8FF012007FDC47 /* Debug */ = {
			isa = XCBuildConfiguration;
			buildSettings = {
				ASSETCATALOG_COMPILER_APPICON_NAME = AppIcon;
				INFOPLIST_FILE = Happiness/Info.plist;
				LD_RUNPATH_SEARCH_PATHS = "$(inherited) @executable_path/Frameworks";
				PRODUCT_NAME = "$(TARGET_NAME)";
			};
			name = Debug;
		};
		77B803E11A8FF012007FDC47 /* Release */ = {
			isa = XCBuildConfiguration;
			buildSettings = {
				ASSETCATALOG_COMPILER_APPICON_NAME = AppIcon;
				INFOPLIST_FILE = Happiness/Info.plist;
				LD_RUNPATH_SEARCH_PATHS = "$(inherited) @executable_path/Frameworks";
				PRODUCT_NAME = "$(TARGET_NAME)";
			};
			name = Release;
		};
		77B803E31A8FF012007FDC47 /* Debug */ = {
			isa = XCBuildConfiguration;
			buildSettings = {
				BUNDLE_LOADER = "$(TEST_HOST)";
				FRAMEWORK_SEARCH_PATHS = (
					"$(SDKROOT)/Developer/Library/Frameworks",
					"$(inherited)",
				);
				GCC_PREPROCESSOR_DEFINITIONS = (
					"DEBUG=1",
					"$(inherited)",
				);
				INFOPLIST_FILE = HappinessTests/Info.plist;
				LD_RUNPATH_SEARCH_PATHS = "$(inherited) @executable_path/Frameworks @loader_path/Frameworks";
				PRODUCT_NAME = "$(TARGET_NAME)";
				TEST_HOST = "$(BUILT_PRODUCTS_DIR)/Happiness.app/Happiness";
			};
			name = Debug;
		};
		77B803E41A8FF012007FDC47 /* Release */ = {
			isa = XCBuildConfiguration;
			buildSettings = {
				BUNDLE_LOADER = "$(TEST_HOST)";
				FRAMEWORK_SEARCH_PATHS = (
					"$(SDKROOT)/Developer/Library/Frameworks",
					"$(inherited)",
				);
				INFOPLIST_FILE = HappinessTests/Info.plist;
				LD_RUNPATH_SEARCH_PATHS = "$(inherited) @executable_path/Frameworks @loader_path/Frameworks";
				PRODUCT_NAME = "$(TARGET_NAME)";
				TEST_HOST = "$(BUILT_PRODUCTS_DIR)/Happiness.app/Happiness";
			};
			name = Release;
		};
/* End XCBuildConfiguration section */

/* Begin XCConfigurationList section */
		77B803BB1A8FF012007FDC47 /* Build configuration list for PBXProject "Happiness" */ = {
			isa = XCConfigurationList;
			buildConfigurations = (
				77B803DD1A8FF012007FDC47 /* Debug */,
				77B803DE1A8FF012007FDC47 /* Release */,
			);
			defaultConfigurationIsVisible = 0;
			defaultConfigurationName = Release;
		};
		77B803DF1A8FF012007FDC47 /* Build configuration list for PBXNativeTarget "Happiness" */ = {
			isa = XCConfigurationList;
			buildConfigurations = (
				77B803E01A8FF012007FDC47 /* Debug */,
				77B803E11A8FF012007FDC47 /* Release */,
			);
			defaultConfigurationIsVisible = 0;
		};
		77B803E21A8FF012007FDC47 /* Build configuration list for PBXNativeTarget "HappinessTests" */ = {
			isa = XCConfigurationList;
			buildConfigurations = (
				77B803E31A8FF012007FDC47 /* Debug */,
				77B803E41A8FF012007FDC47 /* Release */,
			);
			defaultConfigurationIsVisible = 0;
		};
/* End XCConfigurationList section */
	};
	rootObject = 77B803B81A8FF012007FDC47 /* Project object */;
}
